        # Generated by pub. See: http://pub.dartlang.org/doc/glossary.html#lockfile
         {"packages":{"http":{"version":"0.4.2","source":"hosted","description":"http"},"browser":{"version":"0.4.2","source":"hosted","description":"browser"},"pathos":{"version":"0.4.2","source":"hosted","description":"pathos"},"intl":{"version":"0.4.2","source":"hosted","description":"intl"},"unittest":{"version":"0.4.2","source":"hosted","description":"unittest"},"analyzer_experimental":{"version":"0.4.2+1","source":"hosted","description":"analyzer_experimental"},"meta":{"version":"0.4.2","source":"hosted","description":"meta"},"args":{"version":"0.4.2","source":"hosted","description":"args"}}}
        